
Microsoft Visual Studio Solution File, Format Version 12.00
# Visual Studio 15
VisualStudioVersion = 15.0.28307.539
MinimumVisualStudioVersion = 10.0.40219.1
Project("{FAE04EC0-301F-11D3-BF4B-00C04F79EFBC}") = "EZNEW.Web.Security.Authentication.Unity", "EZNEW.Web.Security.Authentication.Unity\EZNEW.Web.Security.Authentication.Unity.csproj", "{22FFBED9-A6A9-4BC5-AC24-479F400D59BE}"
EndProject
Global
	GlobalSection(SolutionConfigurationPlatforms) = preSolution
		Debug|Any CPU = Debug|Any CPU
		Release|Any CPU = Release|Any CPU
	EndGlobalSection
	GlobalSection(ProjectConfigurationPlatforms) = postSolution
		{22FFBED9-A6A9-4BC5-AC24-479F400D59BE}.Debug|Any CPU.ActiveCfg = Debug|Any CPU
		{22FFBED9-A6A9-4BC5-AC24-479F400D59BE}.Debug|Any CPU.Build.0 = Debug|Any CPU
		{22FFBED9-A6A9-4BC5-AC24-479F400D59BE}.Release|Any CPU.ActiveCfg = Release|Any CPU
		{22FFBED9-A6A9-4BC5-AC24-479F400D59BE}.Release|Any CPU.Build.0 = Release|Any CPU
	EndGlobalSection
	GlobalSection(SolutionProperties) = preSolution
		HideSolutionNode = FALSE
	EndGlobalSection
	GlobalSection(ExtensibilityGlobals) = postSolution
		SolutionGuid = {2845C5D2-28E2-4C34-A2E4-053C802187A0}
	EndGlobalSection
EndGlobal
